
Microsoft Visual Studio Solution File, Format Version 12.00
# Visual Studio Version 16
VisualStudioVersion = 16.0.809.10
MinimumVisualStudioVersion = 10.0.40219.1
Project("{FAE04EC0-301F-11D3-BF4B-00C04F79EFBC}") = "CardGameAssignment", "CardGameAssignment.csproj", "{3C4CD462-72CD-42A8-9CBB-960F0049101E}"
EndProject
Global
	GlobalSection(SolutionConfigurationPlatforms) = preSolution
		Debug|Any CPU = Debug|Any CPU
		Release|Any CPU = Release|Any CPU
	EndGlobalSection
	GlobalSection(ProjectConfigurationPlatforms) = postSolution
		{3C4CD462-72CD-42A8-9CBB-960F0049101E}.Debug|Any CPU.ActiveCfg = Debug|Any CPU
		{3C4CD462-72CD-42A8-9CBB-960F0049101E}.Debug|Any CPU.Build.0 = Debug|Any CPU
		{3C4CD462-72CD-42A8-9CBB-960F0049101E}.Release|Any CPU.ActiveCfg = Release|Any CPU
		{3C4CD462-72CD-42A8-9CBB-960F0049101E}.Release|Any CPU.Build.0 = Release|Any CPU
	EndGlobalSection
	GlobalSection(SolutionProperties) = preSolution
		HideSolutionNode = FALSE
	EndGlobalSection
	GlobalSection(ExtensibilityGlobals) = postSolution
		SolutionGuid = {BC2084F1-E25D-494E-869F-B66F0C3D42A7}
	EndGlobalSection
EndGlobal
